
Microsoft Visual Studio Solution File, Format Version 12.00
# Visual Studio Version 17
VisualStudioVersion = 17.2.32616.157
MinimumVisualStudioVersion = 10.0.40219.1
Project("{FAE04EC0-301F-11D3-BF4B-00C04F79EFBC}") = "BluestacksRooter", "BluestacksRooter\BluestacksRooter.csproj", "{DF75454A-A41E-41E4-BFC4-4C132B9B62CB}"
EndProject
Global
	GlobalSection(SolutionConfigurationPlatforms) = preSolution
		Debug|Any CPU = Debug|Any CPU
		Release|Any CPU = Release|Any CPU
	EndGlobalSection
	GlobalSection(ProjectConfigurationPlatforms) = postSolution
		{DF75454A-A41E-41E4-BFC4-4C132B9B62CB}.Debug|Any CPU.ActiveCfg = Debug|Any CPU
		{DF75454A-A41E-41E4-BFC4-4C132B9B62CB}.Debug|Any CPU.Build.0 = Debug|Any CPU
		{DF75454A-A41E-41E4-BFC4-4C132B9B62CB}.Release|Any CPU.ActiveCfg = Release|Any CPU
		{DF75454A-A41E-41E4-BFC4-4C132B9B62CB}.Release|Any CPU.Build.0 = Release|Any CPU
	EndGlobalSection
	GlobalSection(SolutionProperties) = preSolution
		HideSolutionNode = FALSE
	EndGlobalSection
	GlobalSection(ExtensibilityGlobals) = postSolution
		SolutionGuid = {B278BF18-7B09-456F-BBDD-46935B788894}
	EndGlobalSection
EndGlobal
